
Microsoft Visual Studio Solution File, Format Version 12.00
# Visual Studio 14
VisualStudioVersion = 14.0.25420.1
MinimumVisualStudioVersion = 10.0.40219.1
Project("{FAE04EC0-301F-11D3-BF4B-00C04F79EFBC}") = "Engine", "Engine\Engine.csproj", "{1594465A-41CA-432B-AAB1-ABAE30AE826F}"
EndProject
Project("{FAE04EC0-301F-11D3-BF4B-00C04F79EFBC}") = "TestEngine", "TestEngine\TestEngine.csproj", "{6404D706-4510-4B9C-A51B-19736D5A4E45}"
EndProject
Project("{FAE04EC0-301F-11D3-BF4B-00C04F79EFBC}") = "FluentInterfaceCreator", "FluentInterfaceCreator\FluentInterfaceCreator.csproj", "{67611CF2-3D34-48BE-B9ED-213659AAE5A3}"
EndProject
Global
	GlobalSection(SolutionConfigurationPlatforms) = preSolution
		Debug|Any CPU = Debug|Any CPU
		Release|Any CPU = Release|Any CPU
	EndGlobalSection
	GlobalSection(ProjectConfigurationPlatforms) = postSolution
		{1594465A-41CA-432B-AAB1-ABAE30AE826F}.Debug|Any CPU.ActiveCfg = Debug|Any CPU
		{1594465A-41CA-432B-AAB1-ABAE30AE826F}.Debug|Any CPU.Build.0 = Debug|Any CPU
		{1594465A-41CA-432B-AAB1-ABAE30AE826F}.Release|Any CPU.ActiveCfg = Release|Any CPU
		{1594465A-41CA-432B-AAB1-ABAE30AE826F}.Release|Any CPU.Build.0 = Release|Any CPU
		{6404D706-4510-4B9C-A51B-19736D5A4E45}.Debug|Any CPU.ActiveCfg = Debug|Any CPU
		{6404D706-4510-4B9C-A51B-19736D5A4E45}.Debug|Any CPU.Build.0 = Debug|Any CPU
		{6404D706-4510-4B9C-A51B-19736D5A4E45}.Release|Any CPU.ActiveCfg = Release|Any CPU
		{6404D706-4510-4B9C-A51B-19736D5A4E45}.Release|Any CPU.Build.0 = Release|Any CPU
		{67611CF2-3D34-48BE-B9ED-213659AAE5A3}.Debug|Any CPU.ActiveCfg = Debug|Any CPU
		{67611CF2-3D34-48BE-B9ED-213659AAE5A3}.Debug|Any CPU.Build.0 = Debug|Any CPU
		{67611CF2-3D34-48BE-B9ED-213659AAE5A3}.Release|Any CPU.ActiveCfg = Release|Any CPU
		{67611CF2-3D34-48BE-B9ED-213659AAE5A3}.Release|Any CPU.Build.0 = Release|Any CPU
	EndGlobalSection
	GlobalSection(SolutionProperties) = preSolution
		HideSolutionNode = FALSE
	EndGlobalSection
	GlobalSection(ExtensibilityGlobals) = postSolution
		VisualSVNWorkingCopyRoot = .
	EndGlobalSection
EndGlobal
